<?xml version="1.0" encoding="utf-8"?>
<Project ToolsVersion="4.0" xmlns="http://schemas.microsoft.com/developer/msbuild/2003">
  <ItemGroup>
    <ClCompile Include="..\canvas.c" />
    <ClCompile Include="..\jebi.c" />
    <ClCompile Include="..\jjuggumi.c" />
    <ClCompile Include="..\juldarigi.c" />
    <ClCompile Include="..\keyin.c" />
    <ClCompile Include="..\mugunghwa.c" />
    <ClCompile Include="..\sample.c" />
    <ClCompile Include="..\nightGame.c" />
  </ItemGroup>
  <ItemGroup>
    <ClInclude Include="..\canvas.h" />
    <ClInclude Include="..\jjuggumi.h" />
    <ClInclude Include="..\juldarigi.h" />
    <ClInclude Include="..\keyin.h" />
    <ClInclude Include="..\mugunghwa.h" />
    <ClInclude Include="..\nightGame.h" />
  </ItemGroup>
  <ItemGroup>
    <None Include="..\jjuggumi.dat" />
  </ItemGroup>
</Project>